
Microsoft Visual Studio Solution File, Format Version 12.00
# Visual Studio 15
VisualStudioVersion = 15.0.28307.1209
MinimumVisualStudioVersion = 10.0.40219.1
Project("{FAE04EC0-301F-11D3-BF4B-00C04F79EFBC}") = "UpsertAlternativeForms", "UpsertAlternativeForms\UpsertAlternativeForms.csproj", "{2D6FF6E9-699A-403F-A22E-6DBD7C8D648E}"
EndProject
Project("{FAE04EC0-301F-11D3-BF4B-00C04F79EFBC}") = "UpsertAlternativeForms.Tests", "UpsertAlternativeForms.Tests\UpsertAlternativeForms.Tests.csproj", "{2BED6668-E824-48AD-AEF4-5F6A9ADB8243}"
EndProject
Global
	GlobalSection(SolutionConfigurationPlatforms) = preSolution
		Debug|Any CPU = Debug|Any CPU
		Release|Any CPU = Release|Any CPU
	EndGlobalSection
	GlobalSection(ProjectConfigurationPlatforms) = postSolution
		{2D6FF6E9-699A-403F-A22E-6DBD7C8D648E}.Debug|Any CPU.ActiveCfg = Debug|Any CPU
		{2D6FF6E9-699A-403F-A22E-6DBD7C8D648E}.Debug|Any CPU.Build.0 = Debug|Any CPU
		{2D6FF6E9-699A-403F-A22E-6DBD7C8D648E}.Release|Any CPU.ActiveCfg = Release|Any CPU
		{2D6FF6E9-699A-403F-A22E-6DBD7C8D648E}.Release|Any CPU.Build.0 = Release|Any CPU
		{2BED6668-E824-48AD-AEF4-5F6A9ADB8243}.Debug|Any CPU.ActiveCfg = Debug|Any CPU
		{2BED6668-E824-48AD-AEF4-5F6A9ADB8243}.Debug|Any CPU.Build.0 = Debug|Any CPU
		{2BED6668-E824-48AD-AEF4-5F6A9ADB8243}.Release|Any CPU.ActiveCfg = Release|Any CPU
		{2BED6668-E824-48AD-AEF4-5F6A9ADB8243}.Release|Any CPU.Build.0 = Release|Any CPU
	EndGlobalSection
	GlobalSection(SolutionProperties) = preSolution
		HideSolutionNode = FALSE
	EndGlobalSection
	GlobalSection(ExtensibilityGlobals) = postSolution
		SolutionGuid = {FE0CFB12-EA8D-4576-8E23-7AD9C269CBA6}
	EndGlobalSection
EndGlobal
